{
  "requires": true,
  "lockfileVersion": 1,
  "dependencies": {
    "react-hook-form": {
      "version": "6.9.4",
      "resolved": "https://registry.npmjs.org/react-hook-form/-/react-hook-form-6.9.4.tgz",
      "integrity": "sha512-9zD9iKYt6pN6aUxKvJycAmnMGuNmZJzO11V+uOxiQkq/8DncomqROjqdck2u2/wbDYN8/mAFamQmmBaIkn4ziw=="
    }
  }
}
